
Microsoft Visual Studio Solution File, Format Version 12.00
# Visual Studio Version 16
VisualStudioVersion = 16.0.30413.136
MinimumVisualStudioVersion = 10.0.40219.1
Project("{FAE04EC0-301F-11D3-BF4B-00C04F79EFBC}") = "MaratonCevaplar", "MaratonCevaplar\MaratonCevaplar.csproj", "{582D7825-B02F-4E05-AF2C-041BEA8D2C64}"
EndProject
Global
	GlobalSection(SolutionConfigurationPlatforms) = preSolution
		Debug|Any CPU = Debug|Any CPU
		Release|Any CPU = Release|Any CPU
	EndGlobalSection
	GlobalSection(ProjectConfigurationPlatforms) = postSolution
		{582D7825-B02F-4E05-AF2C-041BEA8D2C64}.Debug|Any CPU.ActiveCfg = Debug|Any CPU
		{582D7825-B02F-4E05-AF2C-041BEA8D2C64}.Debug|Any CPU.Build.0 = Debug|Any CPU
		{582D7825-B02F-4E05-AF2C-041BEA8D2C64}.Release|Any CPU.ActiveCfg = Release|Any CPU
		{582D7825-B02F-4E05-AF2C-041BEA8D2C64}.Release|Any CPU.Build.0 = Release|Any CPU
	EndGlobalSection
	GlobalSection(SolutionProperties) = preSolution
		HideSolutionNode = FALSE
	EndGlobalSection
	GlobalSection(ExtensibilityGlobals) = postSolution
		SolutionGuid = {81FE9BC8-C6E2-4423-B44B-BBA6B4A8B2E7}
	EndGlobalSection
EndGlobal
